
Microsoft Visual Studio Solution File, Format Version 12.00
# Visual Studio Version 17
VisualStudioVersion = 17.7.34009.444
MinimumVisualStudioVersion = 10.0.40219.1
Project("{FAE04EC0-301F-11D3-BF4B-00C04F79EFBC}") = "ZimmetApp.WebUI", "ZimmetApp.WebUI\ZimmetApp.WebUI.csproj", "{3F62BFFA-8C68-4205-9801-1B498FC0AB99}"
EndProject
Project("{FAE04EC0-301F-11D3-BF4B-00C04F79EFBC}") = "ZimmetApp.Entities", "ZimmetApp.Entities\ZimmetApp.Entities.csproj", "{9879B0A4-D78C-4DB6-BBF6-E0A859DEC201}"
EndProject
Project("{FAE04EC0-301F-11D3-BF4B-00C04F79EFBC}") = "ZimmetApp.DataAccess", "ZimmetApp.DataAccess\ZimmetApp.DataAccess.csproj", "{7232F44C-FC2B-4127-80C7-B97345BD4CAF}"
EndProject
Project("{FAE04EC0-301F-11D3-BF4B-00C04F79EFBC}") = "ZimmetApp.TestConsoleApp", "ZimmetApp.TestConsoleApp\ZimmetApp.TestConsoleApp.csproj", "{4292E7E7-CCB5-4124-AC9F-1970891BB48A}"
EndProject
Global
	GlobalSection(SolutionConfigurationPlatforms) = preSolution
		Debug|Any CPU = Debug|Any CPU
		Release|Any CPU = Release|Any CPU
	EndGlobalSection
	GlobalSection(ProjectConfigurationPlatforms) = postSolution
		{3F62BFFA-8C68-4205-9801-1B498FC0AB99}.Debug|Any CPU.ActiveCfg = Debug|Any CPU
		{3F62BFFA-8C68-4205-9801-1B498FC0AB99}.Debug|Any CPU.Build.0 = Debug|Any CPU
		{3F62BFFA-8C68-4205-9801-1B498FC0AB99}.Release|Any CPU.ActiveCfg = Release|Any CPU
		{3F62BFFA-8C68-4205-9801-1B498FC0AB99}.Release|Any CPU.Build.0 = Release|Any CPU
		{9879B0A4-D78C-4DB6-BBF6-E0A859DEC201}.Debug|Any CPU.ActiveCfg = Debug|Any CPU
		{9879B0A4-D78C-4DB6-BBF6-E0A859DEC201}.Debug|Any CPU.Build.0 = Debug|Any CPU
		{9879B0A4-D78C-4DB6-BBF6-E0A859DEC201}.Release|Any CPU.ActiveCfg = Release|Any CPU
		{9879B0A4-D78C-4DB6-BBF6-E0A859DEC201}.Release|Any CPU.Build.0 = Release|Any CPU
		{7232F44C-FC2B-4127-80C7-B97345BD4CAF}.Debug|Any CPU.ActiveCfg = Debug|Any CPU
		{7232F44C-FC2B-4127-80C7-B97345BD4CAF}.Debug|Any CPU.Build.0 = Debug|Any CPU
		{7232F44C-FC2B-4127-80C7-B97345BD4CAF}.Release|Any CPU.ActiveCfg = Release|Any CPU
		{7232F44C-FC2B-4127-80C7-B97345BD4CAF}.Release|Any CPU.Build.0 = Release|Any CPU
		{4292E7E7-CCB5-4124-AC9F-1970891BB48A}.Debug|Any CPU.ActiveCfg = Debug|Any CPU
		{4292E7E7-CCB5-4124-AC9F-1970891BB48A}.Debug|Any CPU.Build.0 = Debug|Any CPU
		{4292E7E7-CCB5-4124-AC9F-1970891BB48A}.Release|Any CPU.ActiveCfg = Release|Any CPU
		{4292E7E7-CCB5-4124-AC9F-1970891BB48A}.Release|Any CPU.Build.0 = Release|Any CPU
	EndGlobalSection
	GlobalSection(SolutionProperties) = preSolution
		HideSolutionNode = FALSE
	EndGlobalSection
	GlobalSection(ExtensibilityGlobals) = postSolution
		SolutionGuid = {582BC3CC-0FBC-424E-8C2B-4C0565F15189}
	EndGlobalSection
EndGlobal
